
Microsoft Visual Studio Solution File, Format Version 12.00
# Visual Studio Version 16
VisualStudioVersion = 16.0.32106.194
MinimumVisualStudioVersion = 10.0.40219.1
Project("{2150E333-8FDC-42A3-9474-1A3956D46DE8}") = "Solution Items", "Solution Items", "{F01E088D-6732-4148-B781-FC9110D39E65}"
	ProjectSection(SolutionItems) = preProject
		.gitignore = .gitignore
		README.md = README.md
	EndProjectSection
EndProject
Project("{FAE04EC0-301F-11D3-BF4B-00C04F79EFBC}") = "Problem.Solving", "Problem.Solving\Problem.Solving.csproj", "{EFAA1F55-57D9-42C8-B21A-A5477573294F}"
EndProject
Global
	GlobalSection(SolutionConfigurationPlatforms) = preSolution
		Debug|Any CPU = Debug|Any CPU
		Release|Any CPU = Release|Any CPU
	EndGlobalSection
	GlobalSection(ProjectConfigurationPlatforms) = postSolution
		{EFAA1F55-57D9-42C8-B21A-A5477573294F}.Debug|Any CPU.ActiveCfg = Debug|Any CPU
		{EFAA1F55-57D9-42C8-B21A-A5477573294F}.Debug|Any CPU.Build.0 = Debug|Any CPU
		{EFAA1F55-57D9-42C8-B21A-A5477573294F}.Release|Any CPU.ActiveCfg = Release|Any CPU
		{EFAA1F55-57D9-42C8-B21A-A5477573294F}.Release|Any CPU.Build.0 = Release|Any CPU
	EndGlobalSection
	GlobalSection(SolutionProperties) = preSolution
		HideSolutionNode = FALSE
	EndGlobalSection
	GlobalSection(ExtensibilityGlobals) = postSolution
		SolutionGuid = {66328D26-A6C2-4560-94E7-C3212AD67CB9}
	EndGlobalSection
EndGlobal
